// !$*UTF8*$!
{
	archiveVersion = 1;
	classes = {
	};
	objectVersion = 46;
	objects = {

/* Begin PBXBuildFile section */
		78043A381AB6839100E6F3D9 /* main.m in Sources */ = {isa = PBXBuildFile; fileRef = 78043A371AB6839100E6F3D9 /* main.m */; };
		78043A3B1AB6839100E6F3D9 /* AppDelegate.m in Sources */ = {isa = PBXBuildFile; fileRef = 78043A3A1AB6839100E6F3D9 /* AppDelegate.m */; };
		78043A411AB6839100E6F3D9 /* Main.storyboard in Resources */ = {isa = PBXBuildFile; fileRef = 78043A3F1AB6839100E6F3D9 /* Main.storyboard */; };
		78043A431AB6839100E6F3D9 /* Images.xcassets in Resources */ = {isa = PBXBuildFile; fileRef = 78043A421AB6839100E6F3D9 /* Images.xcassets */; };
		78043A461AB6839100E6F3D9 /* LaunchScreen.xib in Resources */ = {isa = PBXBuildFile; fileRef = 78043A441AB6839100E6F3D9 /* LaunchScreen.xib */; };
		78043A521AB6839100E6F3D9 /* ThreeRowInCollectionViewTests.m in Sources */ = {isa = PBXBuildFile; fileRef = 78043A511AB6839100E6F3D9 /* ThreeRowInCollectionViewTests.m */; };
		78043A5D1AB6857B00E6F3D9 /* SampleCollectionViewController.m in Sources */ = {isa = PBXBuildFile; fileRef = 78043A5C1AB6857B00E6F3D9 /* SampleCollectionViewController.m */; };
		78043A601AB6865E00E6F3D9 /* ThreeRowFlowLayout.m in Sources */ = {isa = PBXBuildFile; fileRef = 78043A5F1AB6865E00E6F3D9 /* ThreeRowFlowLayout.m */; };
/* End PBXBuildFile section */

/* Begin PBXContainerItemProxy section */
		78043A4C1AB6839100E6F3D9 /* PBXContainerItemProxy */ = {
			isa = PBXContainerItemProxy;
			containerPortal = 78043A2A1AB6839000E6F3D9 /* Project object */;
			proxyType = 1;
			remoteGlobalIDString = 78043A311AB6839000E6F3D9;
			remoteInfo = ThreeRowInCollectionView;
		};
/* End PBXContainerItemProxy section */

/* Begin PBXFileReference section */
		78043A321AB6839000E6F3D9 /* ThreeRowInCollectionView.app */ = {isa = PBXFileReference; explicitFileType = wrapper.application; includeInIndex = 0; path = ThreeRowInCollectionView.app; sourceTree = BUILT_PRODUCTS_DIR; };
		78043A361AB6839100E6F3D9 /* Info.plist */ = {isa = PBXFileReference; lastKnownFileType = text.plist.xml; path = Info.plist; sourceTree = "<group>"; };
		78043A371AB6839100E6F3D9 /* main.m */ = {isa = PBXFileReference; lastKnownFileType = sourcecode.c.objc; path = main.m; sourceTree = "<group>"; };
		78043A391AB6839100E6F3D9 /* AppDelegate.h */ = {isa = PBXFileReference; lastKnownFileType = sourcecode.c.h; path = AppDelegate.h; sourceTree = "<group>"; };
		78043A3A1AB6839100E6F3D9 /* AppDelegate.m */ = {isa = PBXFileReference; lastKnownFileType = sourcecode.c.objc; path = AppDelegate.m; sourceTree = "<group>"; };
		78043A401AB6839100E6F3D9 /* Base */ = {isa = PBXFileReference; lastKnownFileType = file.storyboard; name = Base; path = Base.lproj/Main.storyboard; sourceTree = "<group>"; };
		78043A421AB6839100E6F3D9 /* Images.xcassets */ = {isa = PBXFileReference; lastKnownFileType = folder.assetcatalog; path = Images.xcassets; sourceTree = "<group>"; };
		78043A451AB6839100E6F3D9 /* Base */ = {isa = PBXFileReference; lastKnownFileType = file.xib; name = Base; path = Base.lproj/LaunchScreen.xib; sourceTree = "<group>"; };
		78043A4B1AB6839100E6F3D9 /* ThreeRowInCollectionViewTests.xctest */ = {isa = PBXFileReference; explicitFileType = wrapper.cfbundle; includeInIndex = 0; path = ThreeRowInCollectionViewTests.xctest; sourceTree = BUILT_PRODUCTS_DIR; };
		78043A501AB6839100E6F3D9 /* Info.plist */ = {isa = PBXFileReference; lastKnownFileType = text.plist.xml; path = Info.plist; sourceTree = "<group>"; };
		78043A511AB6839100E6F3D9 /* ThreeRowInCollectionViewTests.m */ = {isa = PBXFileReference; lastKnownFileType = sourcecode.c.objc; path = ThreeRowInCollectionViewTests.m; sourceTree = "<group>"; };
		78043A5B1AB6857B00E6F3D9 /* SampleCollectionViewController.h */ = {isa = PBXFileReference; fileEncoding = 4; lastKnownFileType = sourcecode.c.h; path = SampleCollectionViewController.h; sourceTree = "<group>"; };
		78043A5C1AB6857B00E6F3D9 /* SampleCollectionViewController.m */ = {isa = PBXFileReference; fileEncoding = 4; lastKnownFileType = sourcecode.c.objc; path = SampleCollectionViewController.m; sourceTree = "<group>"; };
		78043A5E1AB6865E00E6F3D9 /* ThreeRowFlowLayout.h */ = {isa = PBXFileReference; fileEncoding = 4; lastKnownFileType = sourcecode.c.h; path = ThreeRowFlowLayout.h; sourceTree = "<group>"; };
		78043A5F1AB6865E00E6F3D9 /* ThreeRowFlowLayout.m */ = {isa = PBXFileReference; fileEncoding = 4; lastKnownFileType = sourcecode.c.objc; path = ThreeRowFlowLayout.m; sourceTree = "<group>"; };
/* End PBXFileReference section */

/* Begin PBXFrameworksBuildPhase section */
		78043A2F1AB6839000E6F3D9 /* Frameworks */ = {
			isa = PBXFrameworksBuildPhase;
			buildActionMask = 2147483647;
			files = (
			);
			runOnlyForDeploymentPostprocessing = 0;
		};
		78043A481AB6839100E6F3D9 /* Frameworks */ = {
			isa = PBXFrameworksBuildPhase;
			buildActionMask = 2147483647;
			files = (
			);
			runOnlyForDeploymentPostprocessing = 0;
		};
/* End PBXFrameworksBuildPhase section */

/* Begin PBXGroup section */
		78043A291AB6839000E6F3D9 = {
			isa = PBXGroup;
			children = (
				78043A341AB6839000E6F3D9 /* ThreeRowInCollectionView */,
				78043A4E1AB6839100E6F3D9 /* ThreeRowInCollectionViewTests */,
				78043A331AB6839000E6F3D9 /* Products */,
			);
			sourceTree = "<group>";
		};
		78043A331AB6839000E6F3D9 /* Products */ = {
			isa = PBXGroup;
			children = (
				78043A321AB6839000E6F3D9 /* ThreeRowInCollectionView.app */,
				78043A4B1AB6839100E6F3D9 /* ThreeRowInCollectionViewTests.xctest */,
			);
			name = Products;
			sourceTree = "<group>";
		};
		78043A341AB6839000E6F3D9 /* ThreeRowInCollectionView */ = {
			isa = PBXGroup;
			children = (
				78043A391AB6839100E6F3D9 /* AppDelegate.h */,
				78043A3A1AB6839100E6F3D9 /* AppDelegate.m */,
				78043A5B1AB6857B00E6F3D9 /* SampleCollectionViewController.h */,
				78043A5C1AB6857B00E6F3D9 /* SampleCollectionViewController.m */,
				78043A5E1AB6865E00E6F3D9 /* ThreeRowFlowLayout.h */,
				78043A5F1AB6865E00E6F3D9 /* ThreeRowFlowLayout.m */,
				78043A3F1AB6839100E6F3D9 /* Main.storyboard */,
				78043A421AB6839100E6F3D9 /* Images.xcassets */,
				78043A441AB6839100E6F3D9 /* LaunchScreen.xib */,
				78043A351AB6839100E6F3D9 /* Supporting Files */,
			);
			path = ThreeRowInCollectionView;
			sourceTree = "<group>";
		};
		78043A351AB6839100E6F3D9 /* Supporting Files */ = {
			isa = PBXGroup;
			children = (
				78043A361AB6839100E6F3D9 /* Info.plist */,
				78043A371AB6839100E6F3D9 /* main.m */,
			);
			name = "Supporting Files";
			sourceTree = "<group>";
		};
		78043A4E1AB6839100E6F3D9 /* ThreeRowInCollectionViewTests */ = {
			isa = PBXGroup;
			children = (
				78043A511AB6839100E6F3D9 /* ThreeRowInCollectionViewTests.m */,
				78043A4F1AB6839100E6F3D9 /* Supporting Files */,
			);
			path = ThreeRowInCollectionViewTests;
			sourceTree = "<group>";
		};
		78043A4F1AB6839100E6F3D9 /* Supporting Files */ = {
			isa = PBXGroup;
			children = (
				78043A501AB6839100E6F3D9 /* Info.plist */,
			);
			name = "Supporting Files";
			sourceTree = "<group>";
		};
/* End PBXGroup section */

/* Begin PBXNativeTarget section */
		78043A311AB6839000E6F3D9 /* ThreeRowInCollectionView */ = {
			isa = PBXNativeTarget;
			buildConfigurationList = 78043A551AB6839100E6F3D9 /* Build configuration list for PBXNativeTarget "ThreeRowInCollectionView" */;
			buildPhases = (
				78043A2E1AB6839000E6F3D9 /* Sources */,
				78043A2F1AB6839000E6F3D9 /* Frameworks */,
				78043A301AB6839000E6F3D9 /* Resources */,
			);
			buildRules = (
			);
			dependencies = (
			);
			name = ThreeRowInCollectionView;
			productName = ThreeRowInCollectionView;
			productReference = 78043A321AB6839000E6F3D9 /* ThreeRowInCollectionView.app */;
			productType = "com.apple.product-type.application";
		};
		78043A4A1AB6839100E6F3D9 /* ThreeRowInCollectionViewTests */ = {
			isa = PBXNativeTarget;
			buildConfigurationList = 78043A581AB6839100E6F3D9 /* Build configuration list for PBXNativeTarget "ThreeRowInCollectionViewTests" */;
			buildPhases = (
				78043A471AB6839100E6F3D9 /* Sources */,
				78043A481AB6839100E6F3D9 /* Frameworks */,
				78043A491AB6839100E6F3D9 /* Resources */,
			);
			buildRules = (
			);
			dependencies = (
				78043A4D1AB6839100E6F3D9 /* PBXTargetDependency */,
			);
			name = ThreeRowInCollectionViewTests;
			productName = ThreeRowInCollectionViewTests;
			productReference = 78043A4B1AB6839100E6F3D9 /* ThreeRowInCollectionViewTests.xctest */;
			productType = "com.apple.product-type.bundle.unit-test";
		};
/* End PBXNativeTarget section */

/* Begin PBXProject section */
		78043A2A1AB6839000E6F3D9 /* Project object */ = {
			isa = PBXProject;
			attributes = {
				LastUpgradeCheck = 0620;
				ORGANIZATIONNAME = iGetWeb;
				TargetAttributes = {
					78043A311AB6839000E6F3D9 = {
						CreatedOnToolsVersion = 6.2;
					};
					78043A4A1AB6839100E6F3D9 = {
						CreatedOnToolsVersion = 6.2;
						TestTargetID = 78043A311AB6839000E6F3D9;
					};
				};
			};
			buildConfigurationList = 78043A2D1AB6839000E6F3D9 /* Build configuration list for PBXProject "ThreeRowInCollectionView" */;
			compatibilityVersion = "Xcode 3.2";
			developmentRegion = English;
			hasScannedForEncodings = 0;
			knownRegions = (
				en,
				Base,
			);
			mainGroup = 78043A291AB6839000E6F3D9;
			productRefGroup = 78043A331AB6839000E6F3D9 /* Products */;
			projectDirPath = "";
			projectRoot = "";
			targets = (
				78043A311AB6839000E6F3D9 /* ThreeRowInCollectionView */,
				78043A4A1AB6839100E6F3D9 /* ThreeRowInCollectionViewTests */,
			);
		};
/* End PBXProject section */

/* Begin PBXResourcesBuildPhase section */
		78043A301AB6839000E6F3D9 /* Resources */ = {
			isa = PBXResourcesBuildPhase;
			buildActionMask = 2147483647;
			files = (
				78043A411AB6839100E6F3D9 /* Main.storyboard in Resources */,
				78043A461AB6839100E6F3D9 /* LaunchScreen.xib in Resources */,
				78043A431AB6839100E6F3D9 /* Images.xcassets in Resources */,
			);
			runOnlyForDeploymentPostprocessing = 0;
		};
		78043A491AB6839100E6F3D9 /* Resources */ = {
			isa = PBXResourcesBuildPhase;
			buildActionMask = 2147483647;
			files = (
			);
			runOnlyForDeploymentPostprocessing = 0;
		};
/* End PBXResourcesBuildPhase section */

/* Begin PBXSourcesBuildPhase section */
		78043A2E1AB6839000E6F3D9 /* Sources */ = {
			isa = PBXSourcesBuildPhase;
			buildActionMask = 2147483647;
			files = (
				78043A5D1AB6857B00E6F3D9 /* SampleCollectionViewController.m in Sources */,
				78043A601AB6865E00E6F3D9 /* ThreeRowFlowLayout.m in Sources */,
				78043A3B1AB6839100E6F3D9 /* AppDelegate.m in Sources */,
				78043A381AB6839100E6F3D9 /* main.m in Sources */,
			);
			runOnlyForDeploymentPostprocessing = 0;
		};
		78043A471AB6839100E6F3D9 /* Sources */ = {
			isa = PBXSourcesBuildPhase;
			buildActionMask = 2147483647;
			files = (
				78043A521AB6839100E6F3D9 /* ThreeRowInCollectionViewTests.m in Sources */,
			);
			runOnlyForDeploymentPostprocessing = 0;
		};
/* End PBXSourcesBuildPhase section */

/* Begin PBXTargetDependency section */
		78043A4D1AB6839100E6F3D9 /* PBXTargetDependency */ = {
			isa = PBXTargetDependency;
			target = 78043A311AB6839000E6F3D9 /* ThreeRowInCollectionView */;
			targetProxy = 78043A4C1AB6839100E6F3D9 /* PBXContainerItemProxy */;
		};
/* End PBXTargetDependency section */

/* Begin PBXVariantGroup section */
		78043A3F1AB6839100E6F3D9 /* Main.storyboard */ = {
			isa = PBXVariantGroup;
			children = (
				78043A401AB6839100E6F3D9 /* Base */,
			);
			name = Main.storyboard;
			sourceTree = "<group>";
		};
		78043A441AB6839100E6F3D9 /* LaunchScreen.xib */ = {
			isa = PBXVariantGroup;
			children = (
				78043A451AB6839100E6F3D9 /* Base */,
			);
			name = LaunchScreen.xib;
			sourceTree = "<group>";
		};
/* End PBXVariantGroup section */

/* Begin XCBuildConfiguration section */
		78043A531AB6839100E6F3D9 /* Debug */ = {
			isa = XCBuildConfiguration;
			buildSettings = {
				ALWAYS_SEARCH_USER_PATHS = NO;
				CLANG_CXX_LANGUAGE_STANDARD = "gnu++0x";
				CLANG_CXX_LIBRARY = "libc++";
				CLANG_ENABLE_MODULES = YES;
				CLANG_ENABLE_OBJC_ARC = YES;
				CLANG_WARN_BOOL_CONVERSION = YES;
				CLANG_WARN_CONSTANT_CONVERSION = YES;
				CLANG_WARN_DIRECT_OBJC_ISA_USAGE = YES_ERROR;
				CLANG_WARN_EMPTY_BODY = YES;
				CLANG_WARN_ENUM_CONVERSION = YES;
				CLANG_WARN_INT_CONVERSION = YES;
				CLANG_WARN_OBJC_ROOT_CLASS = YES_ERROR;
				CLANG_WARN_UNREACHABLE_CODE = YES;
				CLANG_WARN__DUPLICATE_METHOD_MATCH = YES;
				"CODE_SIGN_IDENTITY[sdk=iphoneos*]" = "iPhone Developer";
				COPY_PHASE_STRIP = NO;
				ENABLE_STRICT_OBJC_MSGSEND = YES;
				GCC_C_LANGUAGE_STANDARD = gnu99;
				GCC_DYNAMIC_NO_PIC = NO;
				GCC_OPTIMIZATION_LEVEL = 0;
				GCC_PREPROCESSOR_DEFINITIONS = (
					"DEBUG=1",
					"$(inherited)",
				);
				GCC_SYMBOLS_PRIVATE_EXTERN = NO;
				GCC_WARN_64_TO_32_BIT_CONVERSION = YES;
				GCC_WARN_ABOUT_RETURN_TYPE = YES_ERROR;
				GCC_WARN_UNDECLARED_SELECTOR = YES;
				GCC_WARN_UNINITIALIZED_AUTOS = YES_AGGRESSIVE;
				GCC_WARN_UNUSED_FUNCTION = YES;
				GCC_WARN_UNUSED_VARIABLE = YES;
				IPHONEOS_DEPLOYMENT_TARGET = 8.2;
				MTL_ENABLE_DEBUG_INFO = YES;
				ONLY_ACTIVE_ARCH = YES;
				SDKROOT = iphoneos;
			};
			name = Debug;
		};
		78043A541AB6839100E6F3D9 /* Release */ = {
			isa = XCBuildConfiguration;
			buildSettings = {
				ALWAYS_SEARCH_USER_PATHS = NO;
				CLANG_CXX_LANGUAGE_STANDARD = "gnu++0x";
				CLANG_CXX_LIBRARY = "libc++";
				CLANG_ENABLE_MODULES = YES;
				CLANG_ENABLE_OBJC_ARC = YES;
				CLANG_WARN_BOOL_CONVERSION = YES;
				CLANG_WARN_CONSTANT_CONVERSION = YES;
				CLANG_WARN_DIRECT_OBJC_ISA_USAGE = YES_ERROR;
				CLANG_WARN_EMPTY_BODY = YES;
				CLANG_WARN_ENUM_CONVERSION = YES;
				CLANG_WARN_INT_CONVERSION = YES;
				CLANG_WARN_OBJC_ROOT_CLASS = YES_ERROR;
				CLANG_WARN_UNREACHABLE_CODE = YES;
				CLANG_WARN__DUPLICATE_METHOD_MATCH = YES;
				"CODE_SIGN_IDENTITY[sdk=iphoneos*]" = "iPhone Developer";
				COPY_PHASE_STRIP = NO;
				ENABLE_NS_ASSERTIONS = NO;
				ENABLE_STRICT_OBJC_MSGSEND = YES;
				GCC_C_LANGUAGE_STANDARD = gnu99;
				GCC_WARN_64_TO_32_BIT_CONVERSION = YES;
				GCC_WARN_ABOUT_RETURN_TYPE = YES_ERROR;
				GCC_WARN_UNDECLARED_SELECTOR = YES;
				GCC_WARN_UNINITIALIZED_AUTOS = YES_AGGRESSIVE;
				GCC_WARN_UNUSED_FUNCTION = YES;
				GCC_WARN_UNUSED_VARIABLE = YES;
				IPHONEOS_DEPLOYMENT_TARGET = 8.2;
				MTL_ENABLE_DEBUG_INFO = NO;
				SDKROOT = iphoneos;
				VALIDATE_PRODUCT = YES;
			};
			name = Release;
		};
		78043A561AB6839100E6F3D9 /* Debug */ = {
			isa = XCBuildConfiguration;
			buildSettings = {
				ASSETCATALOG_COMPILER_APPICON_NAME = AppIcon;
				INFOPLIST_FILE = ThreeRowInCollectionView/Info.plist;
				LD_RUNPATH_SEARCH_PATHS = "$(inherited) @executable_path/Frameworks";
				PRODUCT_NAME = "$(TARGET_NAME)";
			};
			name = Debug;
		};
		78043A571AB6839100E6F3D9 /* Release */ = {
			isa = XCBuildConfiguration;
			buildSettings = {
				ASSETCATALOG_COMPILER_APPICON_NAME = AppIcon;
				INFOPLIST_FILE = ThreeRowInCollectionView/Info.plist;
				LD_RUNPATH_SEARCH_PATHS = "$(inherited) @executable_path/Frameworks";
				PRODUCT_NAME = "$(TARGET_NAME)";
			};
			name = Release;
		};
		78043A591AB6839100E6F3D9 /* Debug */ = {
			isa = XCBuildConfiguration;
			buildSettings = {
				BUNDLE_LOADER = "$(TEST_HOST)";
				FRAMEWORK_SEARCH_PATHS = (
					"$(SDKROOT)/Developer/Library/Frameworks",
					"$(inherited)",
				);
				GCC_PREPROCESSOR_DEFINITIONS = (
					"DEBUG=1",
					"$(inherited)",
				);
				INFOPLIST_FILE = ThreeRowInCollectionViewTests/Info.plist;
				LD_RUNPATH_SEARCH_PATHS = "$(inherited) @executable_path/Frameworks @loader_path/Frameworks";
				PRODUCT_NAME = "$(TARGET_NAME)";
				TEST_HOST = "$(BUILT_PRODUCTS_DIR)/ThreeRowInCollectionView.app/ThreeRowInCollectionView";
			};
			name = Debug;
		};
		78043A5A1AB6839100E6F3D9 /* Release */ = {
			isa = XCBuildConfiguration;
			buildSettings = {
				BUNDLE_LOADER = "$(TEST_HOST)";
				FRAMEWORK_SEARCH_PATHS = (
					"$(SDKROOT)/Developer/Library/Frameworks",
					"$(inherited)",
				);
				INFOPLIST_FILE = ThreeRowInCollectionViewTests/Info.plist;
				LD_RUNPATH_SEARCH_PATHS = "$(inherited) @executable_path/Frameworks @loader_path/Frameworks";
				PRODUCT_NAME = "$(TARGET_NAME)";
				TEST_HOST = "$(BUILT_PRODUCTS_DIR)/ThreeRowInCollectionView.app/ThreeRowInCollectionView";
			};
			name = Release;
		};
/* End XCBuildConfiguration section */

/* Begin XCConfigurationList section */
		78043A2D1AB6839000E6F3D9 /* Build configuration list for PBXProject "ThreeRowInCollectionView" */ = {
			isa = XCConfigurationList;
			buildConfigurations = (
				78043A531AB6839100E6F3D9 /* Debug */,
				78043A541AB6839100E6F3D9 /* Release */,
			);
			defaultConfigurationIsVisible = 0;
			defaultConfigurationName = Release;
		};
		78043A551AB6839100E6F3D9 /* Build configuration list for PBXNativeTarget "ThreeRowInCollectionView" */ = {
			isa = XCConfigurationList;
			buildConfigurations = (
				78043A561AB6839100E6F3D9 /* Debug */,
				78043A571AB6839100E6F3D9 /* Release */,
			);
			defaultConfigurationIsVisible = 0;
		};
		78043A581AB6839100E6F3D9 /* Build configuration list for PBXNativeTarget "ThreeRowInCollectionViewTests" */ = {
			isa = XCConfigurationList;
			buildConfigurations = (
				78043A591AB6839100E6F3D9 /* Debug */,
				78043A5A1AB6839100E6F3D9 /* Release */,
			);
			defaultConfigurationIsVisible = 0;
		};
/* End XCConfigurationList section */
	};
	rootObject = 78043A2A1AB6839000E6F3D9 /* Project object */;
}
